
Microsoft Visual Studio Solution File, Format Version 12.00
# Visual Studio Version 16
VisualStudioVersion = 16.0.30711.63
MinimumVisualStudioVersion = 10.0.40219.1
Project("{9A19103F-16F7-4668-BE54-9A1E7A4F7556}") = "GradeBookApp", "GradeBookApp.csproj", "{1F9B5A2F-9DD3-47A9-A227-617B592CAF17}"
EndProject
Project("{FAE04EC0-301F-11D3-BF4B-00C04F79EFBC}") = "GradeBookApp.Tests", "..\..\..\..\source\repos\GradeBook.Tests\GradeBookApp.Tests.csproj", "{8F904688-AF44-4878-84F8-57921442BA2B}"
EndProject
Global
	GlobalSection(SolutionConfigurationPlatforms) = preSolution
		Debug|Any CPU = Debug|Any CPU
		Release|Any CPU = Release|Any CPU
	EndGlobalSection
	GlobalSection(ProjectConfigurationPlatforms) = postSolution
		{1F9B5A2F-9DD3-47A9-A227-617B592CAF17}.Debug|Any CPU.ActiveCfg = Debug|Any CPU
		{1F9B5A2F-9DD3-47A9-A227-617B592CAF17}.Debug|Any CPU.Build.0 = Debug|Any CPU
		{1F9B5A2F-9DD3-47A9-A227-617B592CAF17}.Release|Any CPU.ActiveCfg = Release|Any CPU
		{1F9B5A2F-9DD3-47A9-A227-617B592CAF17}.Release|Any CPU.Build.0 = Release|Any CPU
		{8F904688-AF44-4878-84F8-57921442BA2B}.Debug|Any CPU.ActiveCfg = Debug|Any CPU
		{8F904688-AF44-4878-84F8-57921442BA2B}.Debug|Any CPU.Build.0 = Debug|Any CPU
		{8F904688-AF44-4878-84F8-57921442BA2B}.Release|Any CPU.ActiveCfg = Release|Any CPU
		{8F904688-AF44-4878-84F8-57921442BA2B}.Release|Any CPU.Build.0 = Release|Any CPU
	EndGlobalSection
	GlobalSection(SolutionProperties) = preSolution
		HideSolutionNode = FALSE
	EndGlobalSection
	GlobalSection(ExtensibilityGlobals) = postSolution
		SolutionGuid = {732F7D34-0AA3-42B0-9311-634B20C2CF8D}
	EndGlobalSection
EndGlobal
